
Microsoft Visual Studio Solution File, Format Version 12.00
# Visual Studio 15
VisualStudioVersion = 15.0.33403.129
MinimumVisualStudioVersion = 10.0.40219.1
Project("{FAE04EC0-301F-11D3-BF4B-00C04F79EFBC}") = "SW9", "SW9\SW9.csproj", "{28CD384E-FBDE-400A-9D13-286DCA7EAF51}"
EndProject
Project("{54435603-DBB4-11D2-8724-00A0C9A8B90C}") = "SecretWriting_Setup", "SecretWriting_Setup\SecretWriting_Setup.vdproj", "{B28AC6F3-DBB2-4C2B-AC51-3498326F0099}"
EndProject
Global
	GlobalSection(SolutionConfigurationPlatforms) = preSolution
		Debug|Any CPU = Debug|Any CPU
		Release|Any CPU = Release|Any CPU
	EndGlobalSection
	GlobalSection(ProjectConfigurationPlatforms) = postSolution
		{28CD384E-FBDE-400A-9D13-286DCA7EAF51}.Debug|Any CPU.ActiveCfg = Debug|Any CPU
		{28CD384E-FBDE-400A-9D13-286DCA7EAF51}.Debug|Any CPU.Build.0 = Debug|Any CPU
		{28CD384E-FBDE-400A-9D13-286DCA7EAF51}.Release|Any CPU.ActiveCfg = Release|Any CPU
		{28CD384E-FBDE-400A-9D13-286DCA7EAF51}.Release|Any CPU.Build.0 = Release|Any CPU
		{B28AC6F3-DBB2-4C2B-AC51-3498326F0099}.Debug|Any CPU.ActiveCfg = Debug
		{B28AC6F3-DBB2-4C2B-AC51-3498326F0099}.Release|Any CPU.ActiveCfg = Release
	EndGlobalSection
	GlobalSection(SolutionProperties) = preSolution
		HideSolutionNode = FALSE
	EndGlobalSection
	GlobalSection(ExtensibilityGlobals) = postSolution
		SolutionGuid = {84341404-E0A1-42A5-93EB-33C0757D35F7}
	EndGlobalSection
EndGlobal
